// !$*UTF8*$!
{
	archiveVersion = 1;
	classes = {
	};
	objectVersion = 46;
	objects = {

/* Begin PBXBuildFile section */
		303877A41DB4321A00AB3AC4 /* AppDelegate.swift in Sources */ = {isa = PBXBuildFile; fileRef = 303877A31DB4321A00AB3AC4 /* AppDelegate.swift */; };
		303877A61DB4321A00AB3AC4 /* ViewController.swift in Sources */ = {isa = PBXBuildFile; fileRef = 303877A51DB4321A00AB3AC4 /* ViewController.swift */; };
		303877A91DB4321A00AB3AC4 /* Main.storyboard in Resources */ = {isa = PBXBuildFile; fileRef = 303877A71DB4321A00AB3AC4 /* Main.storyboard */; };
		303877AB1DB4321A00AB3AC4 /* Assets.xcassets in Resources */ = {isa = PBXBuildFile; fileRef = 303877AA1DB4321A00AB3AC4 /* Assets.xcassets */; };
		303877AE1DB4321A00AB3AC4 /* LaunchScreen.storyboard in Resources */ = {isa = PBXBuildFile; fileRef = 303877AC1DB4321A00AB3AC4 /* LaunchScreen.storyboard */; };
		303877B91DB4321A00AB3AC4 /* W1A_DropboxTests.swift in Sources */ = {isa = PBXBuildFile; fileRef = 303877B81DB4321A00AB3AC4 /* W1A_DropboxTests.swift */; };
		303877C41DB4321A00AB3AC4 /* W1A_DropboxUITests.swift in Sources */ = {isa = PBXBuildFile; fileRef = 303877C31DB4321A00AB3AC4 /* W1A_DropboxUITests.swift */; };
/* End PBXBuildFile section */

/* Begin PBXContainerItemProxy section */
		303877B51DB4321A00AB3AC4 /* PBXContainerItemProxy */ = {
			isa = PBXContainerItemProxy;
			containerPortal = 303877981DB4321A00AB3AC4 /* Project object */;
			proxyType = 1;
			remoteGlobalIDString = 3038779F1DB4321A00AB3AC4;
			remoteInfo = "W1A Dropbox";
		};
		303877C01DB4321A00AB3AC4 /* PBXContainerItemProxy */ = {
			isa = PBXContainerItemProxy;
			containerPortal = 303877981DB4321A00AB3AC4 /* Project object */;
			proxyType = 1;
			remoteGlobalIDString = 3038779F1DB4321A00AB3AC4;
			remoteInfo = "W1A Dropbox";
		};
/* End PBXContainerItemProxy section */

/* Begin PBXFileReference section */
		303877A01DB4321A00AB3AC4 /* W1A Dropbox.app */ = {isa = PBXFileReference; explicitFileType = wrapper.application; includeInIndex = 0; path = "W1A Dropbox.app"; sourceTree = BUILT_PRODUCTS_DIR; };
		303877A31DB4321A00AB3AC4 /* AppDelegate.swift */ = {isa = PBXFileReference; lastKnownFileType = sourcecode.swift; path = AppDelegate.swift; sourceTree = "<group>"; };
		303877A51DB4321A00AB3AC4 /* ViewController.swift */ = {isa = PBXFileReference; lastKnownFileType = sourcecode.swift; path = ViewController.swift; sourceTree = "<group>"; };
		303877A81DB4321A00AB3AC4 /* Base */ = {isa = PBXFileReference; lastKnownFileType = file.storyboard; name = Base; path = Base.lproj/Main.storyboard; sourceTree = "<group>"; };
		303877AA1DB4321A00AB3AC4 /* Assets.xcassets */ = {isa = PBXFileReference; lastKnownFileType = folder.assetcatalog; path = Assets.xcassets; sourceTree = "<group>"; };
		303877AD1DB4321A00AB3AC4 /* Base */ = {isa = PBXFileReference; lastKnownFileType = file.storyboard; name = Base; path = Base.lproj/LaunchScreen.storyboard; sourceTree = "<group>"; };
		303877AF1DB4321A00AB3AC4 /* Info.plist */ = {isa = PBXFileReference; lastKnownFileType = text.plist.xml; path = Info.plist; sourceTree = "<group>"; };
		303877B41DB4321A00AB3AC4 /* W1A DropboxTests.xctest */ = {isa = PBXFileReference; explicitFileType = wrapper.cfbundle; includeInIndex = 0; path = "W1A DropboxTests.xctest"; sourceTree = BUILT_PRODUCTS_DIR; };
		303877B81DB4321A00AB3AC4 /* W1A_DropboxTests.swift */ = {isa = PBXFileReference; lastKnownFileType = sourcecode.swift; path = W1A_DropboxTests.swift; sourceTree = "<group>"; };
		303877BA1DB4321A00AB3AC4 /* Info.plist */ = {isa = PBXFileReference; lastKnownFileType = text.plist.xml; path = Info.plist; sourceTree = "<group>"; };
		303877BF1DB4321A00AB3AC4 /* W1A DropboxUITests.xctest */ = {isa = PBXFileReference; explicitFileType = wrapper.cfbundle; includeInIndex = 0; path = "W1A DropboxUITests.xctest"; sourceTree = BUILT_PRODUCTS_DIR; };
		303877C31DB4321A00AB3AC4 /* W1A_DropboxUITests.swift */ = {isa = PBXFileReference; lastKnownFileType = sourcecode.swift; path = W1A_DropboxUITests.swift; sourceTree = "<group>"; };
		303877C51DB4321A00AB3AC4 /* Info.plist */ = {isa = PBXFileReference; lastKnownFileType = text.plist.xml; path = Info.plist; sourceTree = "<group>"; };
/* End PBXFileReference section */

/* Begin PBXFrameworksBuildPhase section */
		3038779D1DB4321A00AB3AC4 /* Frameworks */ = {
			isa = PBXFrameworksBuildPhase;
			buildActionMask = 2147483647;
			files = (
			);
			runOnlyForDeploymentPostprocessing = 0;
		};
		303877B11DB4321A00AB3AC4 /* Frameworks */ = {
			isa = PBXFrameworksBuildPhase;
			buildActionMask = 2147483647;
			files = (
			);
			runOnlyForDeploymentPostprocessing = 0;
		};
		303877BC1DB4321A00AB3AC4 /* Frameworks */ = {
			isa = PBXFrameworksBuildPhase;
			buildActionMask = 2147483647;
			files = (
			);
			runOnlyForDeploymentPostprocessing = 0;
		};
/* End PBXFrameworksBuildPhase section */

/* Begin PBXGroup section */
		303877971DB4321A00AB3AC4 = {
			isa = PBXGroup;
			children = (
				303877A21DB4321A00AB3AC4 /* W1A Dropbox */,
				303877B71DB4321A00AB3AC4 /* W1A DropboxTests */,
				303877C21DB4321A00AB3AC4 /* W1A DropboxUITests */,
				303877A11DB4321A00AB3AC4 /* Products */,
			);
			sourceTree = "<group>";
		};
		303877A11DB4321A00AB3AC4 /* Products */ = {
			isa = PBXGroup;
			children = (
				303877A01DB4321A00AB3AC4 /* W1A Dropbox.app */,
				303877B41DB4321A00AB3AC4 /* W1A DropboxTests.xctest */,
				303877BF1DB4321A00AB3AC4 /* W1A DropboxUITests.xctest */,
			);
			name = Products;
			sourceTree = "<group>";
		};
		303877A21DB4321A00AB3AC4 /* W1A Dropbox */ = {
			isa = PBXGroup;
			children = (
				303877A31DB4321A00AB3AC4 /* AppDelegate.swift */,
				303877A51DB4321A00AB3AC4 /* ViewController.swift */,
				303877A71DB4321A00AB3AC4 /* Main.storyboard */,
				303877AA1DB4321A00AB3AC4 /* Assets.xcassets */,
				303877AC1DB4321A00AB3AC4 /* LaunchScreen.storyboard */,
				303877AF1DB4321A00AB3AC4 /* Info.plist */,
			);
			path = "W1A Dropbox";
			sourceTree = "<group>";
		};
		303877B71DB4321A00AB3AC4 /* W1A DropboxTests */ = {
			isa = PBXGroup;
			children = (
				303877B81DB4321A00AB3AC4 /* W1A_DropboxTests.swift */,
				303877BA1DB4321A00AB3AC4 /* Info.plist */,
			);
			path = "W1A DropboxTests";
			sourceTree = "<group>";
		};
		303877C21DB4321A00AB3AC4 /* W1A DropboxUITests */ = {
			isa = PBXGroup;
			children = (
				303877C31DB4321A00AB3AC4 /* W1A_DropboxUITests.swift */,
				303877C51DB4321A00AB3AC4 /* Info.plist */,
			);
			path = "W1A DropboxUITests";
			sourceTree = "<group>";
		};
/* End PBXGroup section */

/* Begin PBXNativeTarget section */
		3038779F1DB4321A00AB3AC4 /* W1A Dropbox */ = {
			isa = PBXNativeTarget;
			buildConfigurationList = 303877C81DB4321A00AB3AC4 /* Build configuration list for PBXNativeTarget "W1A Dropbox" */;
			buildPhases = (
				3038779C1DB4321A00AB3AC4 /* Sources */,
				3038779D1DB4321A00AB3AC4 /* Frameworks */,
				3038779E1DB4321A00AB3AC4 /* Resources */,
			);
			buildRules = (
			);
			dependencies = (
			);
			name = "W1A Dropbox";
			productName = "W1A Dropbox";
			productReference = 303877A01DB4321A00AB3AC4 /* W1A Dropbox.app */;
			productType = "com.apple.product-type.application";
		};
		303877B31DB4321A00AB3AC4 /* W1A DropboxTests */ = {
			isa = PBXNativeTarget;
			buildConfigurationList = 303877CB1DB4321A00AB3AC4 /* Build configuration list for PBXNativeTarget "W1A DropboxTests" */;
			buildPhases = (
				303877B01DB4321A00AB3AC4 /* Sources */,
				303877B11DB4321A00AB3AC4 /* Frameworks */,
				303877B21DB4321A00AB3AC4 /* Resources */,
			);
			buildRules = (
			);
			dependencies = (
				303877B61DB4321A00AB3AC4 /* PBXTargetDependency */,
			);
			name = "W1A DropboxTests";
			productName = "W1A DropboxTests";
			productReference = 303877B41DB4321A00AB3AC4 /* W1A DropboxTests.xctest */;
			productType = "com.apple.product-type.bundle.unit-test";
		};
		303877BE1DB4321A00AB3AC4 /* W1A DropboxUITests */ = {
			isa = PBXNativeTarget;
			buildConfigurationList = 303877CE1DB4321A00AB3AC4 /* Build configuration list for PBXNativeTarget "W1A DropboxUITests" */;
			buildPhases = (
				303877BB1DB4321A00AB3AC4 /* Sources */,
				303877BC1DB4321A00AB3AC4 /* Frameworks */,
				303877BD1DB4321A00AB3AC4 /* Resources */,
			);
			buildRules = (
			);
			dependencies = (
				303877C11DB4321A00AB3AC4 /* PBXTargetDependency */,
			);
			name = "W1A DropboxUITests";
			productName = "W1A DropboxUITests";
			productReference = 303877BF1DB4321A00AB3AC4 /* W1A DropboxUITests.xctest */;
			productType = "com.apple.product-type.bundle.ui-testing";
		};
/* End PBXNativeTarget section */

/* Begin PBXProject section */
		303877981DB4321A00AB3AC4 /* Project object */ = {
			isa = PBXProject;
			attributes = {
				LastSwiftUpdateCheck = 0800;
				LastUpgradeCheck = 0800;
				ORGANIZATIONNAME = "Jeff Rauch";
				TargetAttributes = {
					3038779F1DB4321A00AB3AC4 = {
						CreatedOnToolsVersion = 8.0;
						ProvisioningStyle = Automatic;
					};
					303877B31DB4321A00AB3AC4 = {
						CreatedOnToolsVersion = 8.0;
						ProvisioningStyle = Automatic;
						TestTargetID = 3038779F1DB4321A00AB3AC4;
					};
					303877BE1DB4321A00AB3AC4 = {
						CreatedOnToolsVersion = 8.0;
						ProvisioningStyle = Automatic;
						TestTargetID = 3038779F1DB4321A00AB3AC4;
					};
				};
			};
			buildConfigurationList = 3038779B1DB4321A00AB3AC4 /* Build configuration list for PBXProject "W1A Dropbox" */;
			compatibilityVersion = "Xcode 3.2";
			developmentRegion = English;
			hasScannedForEncodings = 0;
			knownRegions = (
				en,
				Base,
			);
			mainGroup = 303877971DB4321A00AB3AC4;
			productRefGroup = 303877A11DB4321A00AB3AC4 /* Products */;
			projectDirPath = "";
			projectRoot = "";
			targets = (
				3038779F1DB4321A00AB3AC4 /* W1A Dropbox */,
				303877B31DB4321A00AB3AC4 /* W1A DropboxTests */,
				303877BE1DB4321A00AB3AC4 /* W1A DropboxUITests */,
			);
		};
/* End PBXProject section */

/* Begin PBXResourcesBuildPhase section */
		3038779E1DB4321A00AB3AC4 /* Resources */ = {
			isa = PBXResourcesBuildPhase;
			buildActionMask = 2147483647;
			files = (
				303877AE1DB4321A00AB3AC4 /* LaunchScreen.storyboard in Resources */,
				303877AB1DB4321A00AB3AC4 /* Assets.xcassets in Resources */,
				303877A91DB4321A00AB3AC4 /* Main.storyboard in Resources */,
			);
			runOnlyForDeploymentPostprocessing = 0;
		};
		303877B21DB4321A00AB3AC4 /* Resources */ = {
			isa = PBXResourcesBuildPhase;
			buildActionMask = 2147483647;
			files = (
			);
			runOnlyForDeploymentPostprocessing = 0;
		};
		303877BD1DB4321A00AB3AC4 /* Resources */ = {
			isa = PBXResourcesBuildPhase;
			buildActionMask = 2147483647;
			files = (
			);
			runOnlyForDeploymentPostprocessing = 0;
		};
/* End PBXResourcesBuildPhase section */

/* Begin PBXSourcesBuildPhase section */
		3038779C1DB4321A00AB3AC4 /* Sources */ = {
			isa = PBXSourcesBuildPhase;
			buildActionMask = 2147483647;
			files = (
				303877A61DB4321A00AB3AC4 /* ViewController.swift in Sources */,
				303877A41DB4321A00AB3AC4 /* AppDelegate.swift in Sources */,
			);
			runOnlyForDeploymentPostprocessing = 0;
		};
		303877B01DB4321A00AB3AC4 /* Sources */ = {
			isa = PBXSourcesBuildPhase;
			buildActionMask = 2147483647;
			files = (
				303877B91DB4321A00AB3AC4 /* W1A_DropboxTests.swift in Sources */,
			);
			runOnlyForDeploymentPostprocessing = 0;
		};
		303877BB1DB4321A00AB3AC4 /* Sources */ = {
			isa = PBXSourcesBuildPhase;
			buildActionMask = 2147483647;
			files = (
				303877C41DB4321A00AB3AC4 /* W1A_DropboxUITests.swift in Sources */,
			);
			runOnlyForDeploymentPostprocessing = 0;
		};
/* End PBXSourcesBuildPhase section */

/* Begin PBXTargetDependency section */
		303877B61DB4321A00AB3AC4 /* PBXTargetDependency */ = {
			isa = PBXTargetDependency;
			target = 3038779F1DB4321A00AB3AC4 /* W1A Dropbox */;
			targetProxy = 303877B51DB4321A00AB3AC4 /* PBXContainerItemProxy */;
		};
		303877C11DB4321A00AB3AC4 /* PBXTargetDependency */ = {
			isa = PBXTargetDependency;
			target = 3038779F1DB4321A00AB3AC4 /* W1A Dropbox */;
			targetProxy = 303877C01DB4321A00AB3AC4 /* PBXContainerItemProxy */;
		};
/* End PBXTargetDependency section */

/* Begin PBXVariantGroup section */
		303877A71DB4321A00AB3AC4 /* Main.storyboard */ = {
			isa = PBXVariantGroup;
			children = (
				303877A81DB4321A00AB3AC4 /* Base */,
			);
			name = Main.storyboard;
			sourceTree = "<group>";
		};
		303877AC1DB4321A00AB3AC4 /* LaunchScreen.storyboard */ = {
			isa = PBXVariantGroup;
			children = (
				303877AD1DB4321A00AB3AC4 /* Base */,
			);
			name = LaunchScreen.storyboard;
			sourceTree = "<group>";
		};
/* End PBXVariantGroup section */

/* Begin XCBuildConfiguration section */
		303877C61DB4321A00AB3AC4 /* Debug */ = {
			isa = XCBuildConfiguration;
			buildSettings = {
				ALWAYS_SEARCH_USER_PATHS = NO;
				CLANG_ANALYZER_NONNULL = YES;
				CLANG_CXX_LANGUAGE_STANDARD = "gnu++0x";
				CLANG_CXX_LIBRARY = "libc++";
				CLANG_ENABLE_MODULES = YES;
				CLANG_ENABLE_OBJC_ARC = YES;
				CLANG_WARN_BOOL_CONVERSION = YES;
				CLANG_WARN_CONSTANT_CONVERSION = YES;
				CLANG_WARN_DIRECT_OBJC_ISA_USAGE = YES_ERROR;
				CLANG_WARN_DOCUMENTATION_COMMENTS = YES;
				CLANG_WARN_EMPTY_BODY = YES;
				CLANG_WARN_ENUM_CONVERSION = YES;
				CLANG_WARN_INFINITE_RECURSION = YES;
				CLANG_WARN_INT_CONVERSION = YES;
				CLANG_WARN_OBJC_ROOT_CLASS = YES_ERROR;
				CLANG_WARN_SUSPICIOUS_MOVES = YES;
				CLANG_WARN_UNREACHABLE_CODE = YES;
				CLANG_WARN__DUPLICATE_METHOD_MATCH = YES;
				"CODE_SIGN_IDENTITY[sdk=iphoneos*]" = "iPhone Developer";
				COPY_PHASE_STRIP = NO;
				DEBUG_INFORMATION_FORMAT = dwarf;
				ENABLE_STRICT_OBJC_MSGSEND = YES;
				ENABLE_TESTABILITY = YES;
				GCC_C_LANGUAGE_STANDARD = gnu99;
				GCC_DYNAMIC_NO_PIC = NO;
				GCC_NO_COMMON_BLOCKS = YES;
				GCC_OPTIMIZATION_LEVEL = 0;
				GCC_PREPROCESSOR_DEFINITIONS = (
					"DEBUG=1",
					"$(inherited)",
				);
				GCC_WARN_64_TO_32_BIT_CONVERSION = YES;
				GCC_WARN_ABOUT_RETURN_TYPE = YES_ERROR;
				GCC_WARN_UNDECLARED_SELECTOR = YES;
				GCC_WARN_UNINITIALIZED_AUTOS = YES_AGGRESSIVE;
				GCC_WARN_UNUSED_FUNCTION = YES;
				GCC_WARN_UNUSED_VARIABLE = YES;
				IPHONEOS_DEPLOYMENT_TARGET = 10.0;
				MTL_ENABLE_DEBUG_INFO = YES;
				ONLY_ACTIVE_ARCH = YES;
				SDKROOT = iphoneos;
				SWIFT_ACTIVE_COMPILATION_CONDITIONS = DEBUG;
				SWIFT_OPTIMIZATION_LEVEL = "-Onone";
			};
			name = Debug;
		};
		303877C71DB4321A00AB3AC4 /* Release */ = {
			isa = XCBuildConfiguration;
			buildSettings = {
				ALWAYS_SEARCH_USER_PATHS = NO;
				CLANG_ANALYZER_NONNULL = YES;
				CLANG_CXX_LANGUAGE_STANDARD = "gnu++0x";
				CLANG_CXX_LIBRARY = "libc++";
				CLANG_ENABLE_MODULES = YES;
				CLANG_ENABLE_OBJC_ARC = YES;
				CLANG_WARN_BOOL_CONVERSION = YES;
				CLANG_WARN_CONSTANT_CONVERSION = YES;
				CLANG_WARN_DIRECT_OBJC_ISA_USAGE = YES_ERROR;
				CLANG_WARN_DOCUMENTATION_COMMENTS = YES;
				CLANG_WARN_EMPTY_BODY = YES;
				CLANG_WARN_ENUM_CONVERSION = YES;
				CLANG_WARN_INFINITE_RECURSION = YES;
				CLANG_WARN_INT_CONVERSION = YES;
				CLANG_WARN_OBJC_ROOT_CLASS = YES_ERROR;
				CLANG_WARN_SUSPICIOUS_MOVES = YES;
				CLANG_WARN_UNREACHABLE_CODE = YES;
				CLANG_WARN__DUPLICATE_METHOD_MATCH = YES;
				"CODE_SIGN_IDENTITY[sdk=iphoneos*]" = "iPhone Developer";
				COPY_PHASE_STRIP = NO;
				DEBUG_INFORMATION_FORMAT = "dwarf-with-dsym";
				ENABLE_NS_ASSERTIONS = NO;
				ENABLE_STRICT_OBJC_MSGSEND = YES;
				GCC_C_LANGUAGE_STANDARD = gnu99;
				GCC_NO_COMMON_BLOCKS = YES;
				GCC_WARN_64_TO_32_BIT_CONVERSION = YES;
				GCC_WARN_ABOUT_RETURN_TYPE = YES_ERROR;
				GCC_WARN_UNDECLARED_SELECTOR = YES;
				GCC_WARN_UNINITIALIZED_AUTOS = YES_AGGRESSIVE;
				GCC_WARN_UNUSED_FUNCTION = YES;
				GCC_WARN_UNUSED_VARIABLE = YES;
				IPHONEOS_DEPLOYMENT_TARGET = 10.0;
				MTL_ENABLE_DEBUG_INFO = NO;
				SDKROOT = iphoneos;
				SWIFT_OPTIMIZATION_LEVEL = "-Owholemodule";
				VALIDATE_PRODUCT = YES;
			};
			name = Release;
		};
		303877C91DB4321A00AB3AC4 /* Debug */ = {
			isa = XCBuildConfiguration;
			buildSettings = {
				ASSETCATALOG_COMPILER_APPICON_NAME = AppIcon;
				INFOPLIST_FILE = "W1A Dropbox/Info.plist";
				LD_RUNPATH_SEARCH_PATHS = "$(inherited) @executable_path/Frameworks";
				PRODUCT_BUNDLE_IDENTIFIER = "com.jeffrauch.W1A-Dropbox";
				PRODUCT_NAME = "$(TARGET_NAME)";
				SWIFT_VERSION = 3.0;
			};
			name = Debug;
		};
		303877CA1DB4321A00AB3AC4 /* Release */ = {
			isa = XCBuildConfiguration;
			buildSettings = {
				ASSETCATALOG_COMPILER_APPICON_NAME = AppIcon;
				INFOPLIST_FILE = "W1A Dropbox/Info.plist";
				LD_RUNPATH_SEARCH_PATHS = "$(inherited) @executable_path/Frameworks";
				PRODUCT_BUNDLE_IDENTIFIER = "com.jeffrauch.W1A-Dropbox";
				PRODUCT_NAME = "$(TARGET_NAME)";
				SWIFT_VERSION = 3.0;
			};
			name = Release;
		};
		303877CC1DB4321A00AB3AC4 /* Debug */ = {
			isa = XCBuildConfiguration;
			buildSettings = {
				ALWAYS_EMBED_SWIFT_STANDARD_LIBRARIES = YES;
				BUNDLE_LOADER = "$(TEST_HOST)";
				INFOPLIST_FILE = "W1A DropboxTests/Info.plist";
				LD_RUNPATH_SEARCH_PATHS = "$(inherited) @executable_path/Frameworks @loader_path/Frameworks";
				PRODUCT_BUNDLE_IDENTIFIER = "com.jeffrauch.W1A-DropboxTests";
				PRODUCT_NAME = "$(TARGET_NAME)";
				SWIFT_VERSION = 3.0;
				TEST_HOST = "$(BUILT_PRODUCTS_DIR)/W1A Dropbox.app/W1A Dropbox";
			};
			name = Debug;
		};
		303877CD1DB4321A00AB3AC4 /* Release */ = {
			isa = XCBuildConfiguration;
			buildSettings = {
				ALWAYS_EMBED_SWIFT_STANDARD_LIBRARIES = YES;
				BUNDLE_LOADER = "$(TEST_HOST)";
				INFOPLIST_FILE = "W1A DropboxTests/Info.plist";
				LD_RUNPATH_SEARCH_PATHS = "$(inherited) @executable_path/Frameworks @loader_path/Frameworks";
				PRODUCT_BUNDLE_IDENTIFIER = "com.jeffrauch.W1A-DropboxTests";
				PRODUCT_NAME = "$(TARGET_NAME)";
				SWIFT_VERSION = 3.0;
				TEST_HOST = "$(BUILT_PRODUCTS_DIR)/W1A Dropbox.app/W1A Dropbox";
			};
			name = Release;
		};
		303877CF1DB4321A00AB3AC4 /* Debug */ = {
			isa = XCBuildConfiguration;
			buildSettings = {
				ALWAYS_EMBED_SWIFT_STANDARD_LIBRARIES = YES;
				INFOPLIST_FILE = "W1A DropboxUITests/Info.plist";
				LD_RUNPATH_SEARCH_PATHS = "$(inherited) @executable_path/Frameworks @loader_path/Frameworks";
				PRODUCT_BUNDLE_IDENTIFIER = "com.jeffrauch.W1A-DropboxUITests";
				PRODUCT_NAME = "$(TARGET_NAME)";
				SWIFT_VERSION = 3.0;
				TEST_TARGET_NAME = "W1A Dropbox";
			};
			name = Debug;
		};
		303877D01DB4321A00AB3AC4 /* Release */ = {
			isa = XCBuildConfiguration;
			buildSettings = {
				ALWAYS_EMBED_SWIFT_STANDARD_LIBRARIES = YES;
				INFOPLIST_FILE = "W1A DropboxUITests/Info.plist";
				LD_RUNPATH_SEARCH_PATHS = "$(inherited) @executable_path/Frameworks @loader_path/Frameworks";
				PRODUCT_BUNDLE_IDENTIFIER = "com.jeffrauch.W1A-DropboxUITests";
				PRODUCT_NAME = "$(TARGET_NAME)";
				SWIFT_VERSION = 3.0;
				TEST_TARGET_NAME = "W1A Dropbox";
			};
			name = Release;
		};
/* End XCBuildConfiguration section */

/* Begin XCConfigurationList section */
		3038779B1DB4321A00AB3AC4 /* Build configuration list for PBXProject "W1A Dropbox" */ = {
			isa = XCConfigurationList;
			buildConfigurations = (
				303877C61DB4321A00AB3AC4 /* Debug */,
				303877C71DB4321A00AB3AC4 /* Release */,
			);
			defaultConfigurationIsVisible = 0;
			defaultConfigurationName = Release;
		};
		303877C81DB4321A00AB3AC4 /* Build configuration list for PBXNativeTarget "W1A Dropbox" */ = {
			isa = XCConfigurationList;
			buildConfigurations = (
				303877C91DB4321A00AB3AC4 /* Debug */,
				303877CA1DB4321A00AB3AC4 /* Release */,
			);
			defaultConfigurationIsVisible = 0;
		};
		303877CB1DB4321A00AB3AC4 /* Build configuration list for PBXNativeTarget "W1A DropboxTests" */ = {
			isa = XCConfigurationList;
			buildConfigurations = (
				303877CC1DB4321A00AB3AC4 /* Debug */,
				303877CD1DB4321A00AB3AC4 /* Release */,
			);
			defaultConfigurationIsVisible = 0;
		};
		303877CE1DB4321A00AB3AC4 /* Build configuration list for PBXNativeTarget "W1A DropboxUITests" */ = {
			isa = XCConfigurationList;
			buildConfigurations = (
				303877CF1DB4321A00AB3AC4 /* Debug */,
				303877D01DB4321A00AB3AC4 /* Release */,
			);
			defaultConfigurationIsVisible = 0;
		};
/* End XCConfigurationList section */
	};
	rootObject = 303877981DB4321A00AB3AC4 /* Project object */;
}
